// !$*UTF8*$!
{
	archiveVersion = 1;
	classes = {
	};
	objectVersion = 55;
	objects = {

/* Begin PBXBuildFile section */
		30D65F382798836900DF68FE /* AsyncAwaitNewsApp.swift in Sources */ = {isa = PBXBuildFile; fileRef = 30D65F372798836900DF68FE /* AsyncAwaitNewsApp.swift */; };
		30D65F3A2798836900DF68FE /* NewsListScreen.swift in Sources */ = {isa = PBXBuildFile; fileRef = 30D65F392798836900DF68FE /* NewsListScreen.swift */; };
		30D65F3C2798836C00DF68FE /* Assets.xcassets in Resources */ = {isa = PBXBuildFile; fileRef = 30D65F3B2798836C00DF68FE /* Assets.xcassets */; };
		30D65F3F2798836C00DF68FE /* Preview Assets.xcassets in Resources */ = {isa = PBXBuildFile; fileRef = 30D65F3E2798836C00DF68FE /* Preview Assets.xcassets */; };
		30D65F4C2798849200DF68FE /* NewsSourceListScreen.swift in Sources */ = {isa = PBXBuildFile; fileRef = 30D65F4B2798849200DF68FE /* NewsSourceListScreen.swift */; };
		30D65F4E279884C000DF68FE /* NewsArticle.swift in Sources */ = {isa = PBXBuildFile; fileRef = 30D65F4D279884C000DF68FE /* NewsArticle.swift */; };
		30D65F50279884CC00DF68FE /* NewsSource.swift in Sources */ = {isa = PBXBuildFile; fileRef = 30D65F4F279884CC00DF68FE /* NewsSource.swift */; };
		30D65F522798851900DF68FE /* NewsArticleViewModel.swift in Sources */ = {isa = PBXBuildFile; fileRef = 30D65F512798851900DF68FE /* NewsArticleViewModel.swift */; };
		30D65F542798852F00DF68FE /* NewsSourceListViewModel.swift.swift in Sources */ = {isa = PBXBuildFile; fileRef = 30D65F532798852F00DF68FE /* NewsSourceListViewModel.swift.swift */; };
		30D65F562798856E00DF68FE /* Constants.swift in Sources */ = {isa = PBXBuildFile; fileRef = 30D65F552798856E00DF68FE /* Constants.swift */; };
		30D65F582798859A00DF68FE /* Webservice.swift in Sources */ = {isa = PBXBuildFile; fileRef = 30D65F572798859A00DF68FE /* Webservice.swift */; };
/* End PBXBuildFile section */

/* Begin PBXFileReference section */
		30D65F342798836900DF68FE /* AsyncAwaitNews.app */ = {isa = PBXFileReference; explicitFileType = wrapper.application; includeInIndex = 0; path = AsyncAwaitNews.app; sourceTree = BUILT_PRODUCTS_DIR; };
		30D65F372798836900DF68FE /* AsyncAwaitNewsApp.swift */ = {isa = PBXFileReference; lastKnownFileType = sourcecode.swift; path = AsyncAwaitNewsApp.swift; sourceTree = "<group>"; };
		30D65F392798836900DF68FE /* NewsListScreen.swift */ = {isa = PBXFileReference; lastKnownFileType = sourcecode.swift; path = NewsListScreen.swift; sourceTree = "<group>"; };
		30D65F3B2798836C00DF68FE /* Assets.xcassets */ = {isa = PBXFileReference; lastKnownFileType = folder.assetcatalog; path = Assets.xcassets; sourceTree = "<group>"; };
		30D65F3E2798836C00DF68FE /* Preview Assets.xcassets */ = {isa = PBXFileReference; lastKnownFileType = folder.assetcatalog; path = "Preview Assets.xcassets"; sourceTree = "<group>"; };
		30D65F4B2798849200DF68FE /* NewsSourceListScreen.swift */ = {isa = PBXFileReference; lastKnownFileType = sourcecode.swift; path = NewsSourceListScreen.swift; sourceTree = "<group>"; };
		30D65F4D279884C000DF68FE /* NewsArticle.swift */ = {isa = PBXFileReference; lastKnownFileType = sourcecode.swift; path = NewsArticle.swift; sourceTree = "<group>"; };
		30D65F4F279884CC00DF68FE /* NewsSource.swift */ = {isa = PBXFileReference; lastKnownFileType = sourcecode.swift; path = NewsSource.swift; sourceTree = "<group>"; };
		30D65F512798851900DF68FE /* NewsArticleViewModel.swift */ = {isa = PBXFileReference; lastKnownFileType = sourcecode.swift; path = NewsArticleViewModel.swift; sourceTree = "<group>"; };
		30D65F532798852F00DF68FE /* NewsSourceListViewModel.swift.swift */ = {isa = PBXFileReference; lastKnownFileType = sourcecode.swift; path = NewsSourceListViewModel.swift.swift; sourceTree = "<group>"; };
		30D65F552798856E00DF68FE /* Constants.swift */ = {isa = PBXFileReference; lastKnownFileType = sourcecode.swift; path = Constants.swift; sourceTree = "<group>"; };
		30D65F572798859A00DF68FE /* Webservice.swift */ = {isa = PBXFileReference; lastKnownFileType = sourcecode.swift; path = Webservice.swift; sourceTree = "<group>"; };
/* End PBXFileReference section */

/* Begin PBXFrameworksBuildPhase section */
		30D65F312798836900DF68FE /* Frameworks */ = {
			isa = PBXFrameworksBuildPhase;
			buildActionMask = 2147483647;
			files = (
			);
			runOnlyForDeploymentPostprocessing = 0;
		};
/* End PBXFrameworksBuildPhase section */

/* Begin PBXGroup section */
		30D65F2B2798836900DF68FE = {
			isa = PBXGroup;
			children = (
				30D65F362798836900DF68FE /* AsyncAwaitNews */,
				30D65F352798836900DF68FE /* Products */,
			);
			sourceTree = "<group>";
		};
		30D65F352798836900DF68FE /* Products */ = {
			isa = PBXGroup;
			children = (
				30D65F342798836900DF68FE /* AsyncAwaitNews.app */,
			);
			name = Products;
			sourceTree = "<group>";
		};
		30D65F362798836900DF68FE /* AsyncAwaitNews */ = {
			isa = PBXGroup;
			children = (
				30D65F4A279883FD00DF68FE /* View Models */,
				30D65F49279883F400DF68FE /* Models */,
				30D65F48279883E400DF68FE /* Utils */,
				30D65F46279883CC00DF68FE /* Services */,
				30D65F45279883C300DF68FE /* Views */,
				30D65F372798836900DF68FE /* AsyncAwaitNewsApp.swift */,
				30D65F3B2798836C00DF68FE /* Assets.xcassets */,
				30D65F3D2798836C00DF68FE /* Preview Content */,
			);
			path = AsyncAwaitNews;
			sourceTree = "<group>";
		};
		30D65F3D2798836C00DF68FE /* Preview Content */ = {
			isa = PBXGroup;
			children = (
				30D65F3E2798836C00DF68FE /* Preview Assets.xcassets */,
			);
			path = "Preview Content";
			sourceTree = "<group>";
		};
		30D65F45279883C300DF68FE /* Views */ = {
			isa = PBXGroup;
			children = (
				30D65F392798836900DF68FE /* NewsListScreen.swift */,
				30D65F4B2798849200DF68FE /* NewsSourceListScreen.swift */,
			);
			path = Views;
			sourceTree = "<group>";
		};
		30D65F46279883CC00DF68FE /* Services */ = {
			isa = PBXGroup;
			children = (
				30D65F572798859A00DF68FE /* Webservice.swift */,
			);
			path = Services;
			sourceTree = "<group>";
		};
		30D65F48279883E400DF68FE /* Utils */ = {
			isa = PBXGroup;
			children = (
				30D65F552798856E00DF68FE /* Constants.swift */,
			);
			path = Utils;
			sourceTree = "<group>";
		};
		30D65F49279883F400DF68FE /* Models */ = {
			isa = PBXGroup;
			children = (
				30D65F4D279884C000DF68FE /* NewsArticle.swift */,
				30D65F4F279884CC00DF68FE /* NewsSource.swift */,
			);
			path = Models;
			sourceTree = "<group>";
		};
		30D65F4A279883FD00DF68FE /* View Models */ = {
			isa = PBXGroup;
			children = (
				30D65F512798851900DF68FE /* NewsArticleViewModel.swift */,
				30D65F532798852F00DF68FE /* NewsSourceListViewModel.swift.swift */,
			);
			path = "View Models";
			sourceTree = "<group>";
		};
/* End PBXGroup section */

/* Begin PBXNativeTarget section */
		30D65F332798836900DF68FE /* AsyncAwaitNews */ = {
			isa = PBXNativeTarget;
			buildConfigurationList = 30D65F422798836C00DF68FE /* Build configuration list for PBXNativeTarget "AsyncAwaitNews" */;
			buildPhases = (
				30D65F302798836900DF68FE /* Sources */,
				30D65F312798836900DF68FE /* Frameworks */,
				30D65F322798836900DF68FE /* Resources */,
			);
			buildRules = (
			);
			dependencies = (
			);
			name = AsyncAwaitNews;
			productName = AsyncAwaitNews;
			productReference = 30D65F342798836900DF68FE /* AsyncAwaitNews.app */;
			productType = "com.apple.product-type.application";
		};
/* End PBXNativeTarget section */

/* Begin PBXProject section */
		30D65F2C2798836900DF68FE /* Project object */ = {
			isa = PBXProject;
			attributes = {
				BuildIndependentTargetsInParallel = 1;
				LastSwiftUpdateCheck = 1310;
				LastUpgradeCheck = 1310;
				TargetAttributes = {
					30D65F332798836900DF68FE = {
						CreatedOnToolsVersion = 13.1;
					};
				};
			};
			buildConfigurationList = 30D65F2F2798836900DF68FE /* Build configuration list for PBXProject "AsyncAwaitNews" */;
			compatibilityVersion = "Xcode 13.0";
			developmentRegion = en;
			hasScannedForEncodings = 0;
			knownRegions = (
				en,
				Base,
			);
			mainGroup = 30D65F2B2798836900DF68FE;
			productRefGroup = 30D65F352798836900DF68FE /* Products */;
			projectDirPath = "";
			projectRoot = "";
			targets = (
				30D65F332798836900DF68FE /* AsyncAwaitNews */,
			);
		};
/* End PBXProject section */

/* Begin PBXResourcesBuildPhase section */
		30D65F322798836900DF68FE /* Resources */ = {
			isa = PBXResourcesBuildPhase;
			buildActionMask = 2147483647;
			files = (
				30D65F3F2798836C00DF68FE /* Preview Assets.xcassets in Resources */,
				30D65F3C2798836C00DF68FE /* Assets.xcassets in Resources */,
			);
			runOnlyForDeploymentPostprocessing = 0;
		};
/* End PBXResourcesBuildPhase section */

/* Begin PBXSourcesBuildPhase section */
		30D65F302798836900DF68FE /* Sources */ = {
			isa = PBXSourcesBuildPhase;
			buildActionMask = 2147483647;
			files = (
				30D65F4C2798849200DF68FE /* NewsSourceListScreen.swift in Sources */,
				30D65F4E279884C000DF68FE /* NewsArticle.swift in Sources */,
				30D65F522798851900DF68FE /* NewsArticleViewModel.swift in Sources */,
				30D65F50279884CC00DF68FE /* NewsSource.swift in Sources */,
				30D65F3A2798836900DF68FE /* NewsListScreen.swift in Sources */,
				30D65F542798852F00DF68FE /* NewsSourceListViewModel.swift.swift in Sources */,
				30D65F382798836900DF68FE /* AsyncAwaitNewsApp.swift in Sources */,
				30D65F562798856E00DF68FE /* Constants.swift in Sources */,
				30D65F582798859A00DF68FE /* Webservice.swift in Sources */,
			);
			runOnlyForDeploymentPostprocessing = 0;
		};
/* End PBXSourcesBuildPhase section */

/* Begin XCBuildConfiguration section */
		30D65F402798836C00DF68FE /* Debug */ = {
			isa = XCBuildConfiguration;
			buildSettings = {
				ALWAYS_SEARCH_USER_PATHS = NO;
				CLANG_ANALYZER_NONNULL = YES;
				CLANG_ANALYZER_NUMBER_OBJECT_CONVERSION = YES_AGGRESSIVE;
				CLANG_CXX_LANGUAGE_STANDARD = "gnu++17";
				CLANG_CXX_LIBRARY = "libc++";
				CLANG_ENABLE_MODULES = YES;
				CLANG_ENABLE_OBJC_ARC = YES;
				CLANG_ENABLE_OBJC_WEAK = YES;
				CLANG_WARN_BLOCK_CAPTURE_AUTORELEASING = YES;
				CLANG_WARN_BOOL_CONVERSION = YES;
				CLANG_WARN_COMMA = YES;
				CLANG_WARN_CONSTANT_CONVERSION = YES;
				CLANG_WARN_DEPRECATED_OBJC_IMPLEMENTATIONS = YES;
				CLANG_WARN_DIRECT_OBJC_ISA_USAGE = YES_ERROR;
				CLANG_WARN_DOCUMENTATION_COMMENTS = YES;
				CLANG_WARN_EMPTY_BODY = YES;
				CLANG_WARN_ENUM_CONVERSION = YES;
				CLANG_WARN_INFINITE_RECURSION = YES;
				CLANG_WARN_INT_CONVERSION = YES;
				CLANG_WARN_NON_LITERAL_NULL_CONVERSION = YES;
				CLANG_WARN_OBJC_IMPLICIT_RETAIN_SELF = YES;
				CLANG_WARN_OBJC_LITERAL_CONVERSION = YES;
				CLANG_WARN_OBJC_ROOT_CLASS = YES_ERROR;
				CLANG_WARN_QUOTED_INCLUDE_IN_FRAMEWORK_HEADER = YES;
				CLANG_WARN_RANGE_LOOP_ANALYSIS = YES;
				CLANG_WARN_STRICT_PROTOTYPES = YES;
				CLANG_WARN_SUSPICIOUS_MOVE = YES;
				CLANG_WARN_UNGUARDED_AVAILABILITY = YES_AGGRESSIVE;
				CLANG_WARN_UNREACHABLE_CODE = YES;
				CLANG_WARN__DUPLICATE_METHOD_MATCH = YES;
				COPY_PHASE_STRIP = NO;
				DEBUG_INFORMATION_FORMAT = dwarf;
				ENABLE_STRICT_OBJC_MSGSEND = YES;
				ENABLE_TESTABILITY = YES;
				GCC_C_LANGUAGE_STANDARD = gnu11;
				GCC_DYNAMIC_NO_PIC = NO;
				GCC_NO_COMMON_BLOCKS = YES;
				GCC_OPTIMIZATION_LEVEL = 0;
				GCC_PREPROCESSOR_DEFINITIONS = (
					"DEBUG=1",
					"$(inherited)",
				);
				GCC_WARN_64_TO_32_BIT_CONVERSION = YES;
				GCC_WARN_ABOUT_RETURN_TYPE = YES_ERROR;
				GCC_WARN_UNDECLARED_SELECTOR = YES;
				GCC_WARN_UNINITIALIZED_AUTOS = YES_AGGRESSIVE;
				GCC_WARN_UNUSED_FUNCTION = YES;
				GCC_WARN_UNUSED_VARIABLE = YES;
				IPHONEOS_DEPLOYMENT_TARGET = 15.0;
				MTL_ENABLE_DEBUG_INFO = INCLUDE_SOURCE;
				MTL_FAST_MATH = YES;
				ONLY_ACTIVE_ARCH = YES;
				SDKROOT = iphoneos;
				SWIFT_ACTIVE_COMPILATION_CONDITIONS = DEBUG;
				SWIFT_OPTIMIZATION_LEVEL = "-Onone";
			};
			name = Debug;
		};
		30D65F412798836C00DF68FE /* Release */ = {
			isa = XCBuildConfiguration;
			buildSettings = {
				ALWAYS_SEARCH_USER_PATHS = NO;
				CLANG_ANALYZER_NONNULL = YES;
				CLANG_ANALYZER_NUMBER_OBJECT_CONVERSION = YES_AGGRESSIVE;
				CLANG_CXX_LANGUAGE_STANDARD = "gnu++17";
				CLANG_CXX_LIBRARY = "libc++";
				CLANG_ENABLE_MODULES = YES;
				CLANG_ENABLE_OBJC_ARC = YES;
				CLANG_ENABLE_OBJC_WEAK = YES;
				CLANG_WARN_BLOCK_CAPTURE_AUTORELEASING = YES;
				CLANG_WARN_BOOL_CONVERSION = YES;
				CLANG_WARN_COMMA = YES;
				CLANG_WARN_CONSTANT_CONVERSION = YES;
				CLANG_WARN_DEPRECATED_OBJC_IMPLEMENTATIONS = YES;
				CLANG_WARN_DIRECT_OBJC_ISA_USAGE = YES_ERROR;
				CLANG_WARN_DOCUMENTATION_COMMENTS = YES;
				CLANG_WARN_EMPTY_BODY = YES;
				CLANG_WARN_ENUM_CONVERSION = YES;
				CLANG_WARN_INFINITE_RECURSION = YES;
				CLANG_WARN_INT_CONVERSION = YES;
				CLANG_WARN_NON_LITERAL_NULL_CONVERSION = YES;
				CLANG_WARN_OBJC_IMPLICIT_RETAIN_SELF = YES;
				CLANG_WARN_OBJC_LITERAL_CONVERSION = YES;
				CLANG_WARN_OBJC_ROOT_CLASS = YES_ERROR;
				CLANG_WARN_QUOTED_INCLUDE_IN_FRAMEWORK_HEADER = YES;
				CLANG_WARN_RANGE_LOOP_ANALYSIS = YES;
				CLANG_WARN_STRICT_PROTOTYPES = YES;
				CLANG_WARN_SUSPICIOUS_MOVE = YES;
				CLANG_WARN_UNGUARDED_AVAILABILITY = YES_AGGRESSIVE;
				CLANG_WARN_UNREACHABLE_CODE = YES;
				CLANG_WARN__DUPLICATE_METHOD_MATCH = YES;
				COPY_PHASE_STRIP = NO;
				DEBUG_INFORMATION_FORMAT = "dwarf-with-dsym";
				ENABLE_NS_ASSERTIONS = NO;
				ENABLE_STRICT_OBJC_MSGSEND = YES;
				GCC_C_LANGUAGE_STANDARD = gnu11;
				GCC_NO_COMMON_BLOCKS = YES;
				GCC_WARN_64_TO_32_BIT_CONVERSION = YES;
				GCC_WARN_ABOUT_RETURN_TYPE = YES_ERROR;
				GCC_WARN_UNDECLARED_SELECTOR = YES;
				GCC_WARN_UNINITIALIZED_AUTOS = YES_AGGRESSIVE;
				GCC_WARN_UNUSED_FUNCTION = YES;
				GCC_WARN_UNUSED_VARIABLE = YES;
				IPHONEOS_DEPLOYMENT_TARGET = 15.0;
				MTL_ENABLE_DEBUG_INFO = NO;
				MTL_FAST_MATH = YES;
				SDKROOT = iphoneos;
				SWIFT_COMPILATION_MODE = wholemodule;
				SWIFT_OPTIMIZATION_LEVEL = "-O";
				VALIDATE_PRODUCT = YES;
			};
			name = Release;
		};
		30D65F432798836C00DF68FE /* Debug */ = {
			isa = XCBuildConfiguration;
			buildSettings = {
				ASSETCATALOG_COMPILER_APPICON_NAME = AppIcon;
				ASSETCATALOG_COMPILER_GLOBAL_ACCENT_COLOR_NAME = AccentColor;
				CODE_SIGN_STYLE = Automatic;
				CURRENT_PROJECT_VERSION = 1;
				DEVELOPMENT_ASSET_PATHS = "\"AsyncAwaitNews/Preview Content\"";
				DEVELOPMENT_TEAM = 3AZ6WZHZNJ;
				ENABLE_PREVIEWS = YES;
				GENERATE_INFOPLIST_FILE = YES;
				INFOPLIST_KEY_UIApplicationSceneManifest_Generation = YES;
				INFOPLIST_KEY_UIApplicationSupportsIndirectInputEvents = YES;
				INFOPLIST_KEY_UILaunchScreen_Generation = YES;
				INFOPLIST_KEY_UISupportedInterfaceOrientations_iPad = "UIInterfaceOrientationPortrait UIInterfaceOrientationPortraitUpsideDown UIInterfaceOrientationLandscapeLeft UIInterfaceOrientationLandscapeRight";
				INFOPLIST_KEY_UISupportedInterfaceOrientations_iPhone = "UIInterfaceOrientationPortrait UIInterfaceOrientationLandscapeLeft UIInterfaceOrientationLandscapeRight";
				LD_RUNPATH_SEARCH_PATHS = (
					"$(inherited)",
					"@executable_path/Frameworks",
				);
				MARKETING_VERSION = 1.0;
				PRODUCT_BUNDLE_IDENTIFIER = com.JulioRobles.AsyncAwaitNews;
				PRODUCT_NAME = "$(TARGET_NAME)";
				SWIFT_EMIT_LOC_STRINGS = YES;
				SWIFT_VERSION = 5.0;
				TARGETED_DEVICE_FAMILY = "1,2";
			};
			name = Debug;
		};
		30D65F442798836C00DF68FE /* Release */ = {
			isa = XCBuildConfiguration;
			buildSettings = {
				ASSETCATALOG_COMPILER_APPICON_NAME = AppIcon;
				ASSETCATALOG_COMPILER_GLOBAL_ACCENT_COLOR_NAME = AccentColor;
				CODE_SIGN_STYLE = Automatic;
				CURRENT_PROJECT_VERSION = 1;
				DEVELOPMENT_ASSET_PATHS = "\"AsyncAwaitNews/Preview Content\"";
				DEVELOPMENT_TEAM = 3AZ6WZHZNJ;
				ENABLE_PREVIEWS = YES;
				GENERATE_INFOPLIST_FILE = YES;
				INFOPLIST_KEY_UIApplicationSceneManifest_Generation = YES;
				INFOPLIST_KEY_UIApplicationSupportsIndirectInputEvents = YES;
				INFOPLIST_KEY_UILaunchScreen_Generation = YES;
				INFOPLIST_KEY_UISupportedInterfaceOrientations_iPad = "UIInterfaceOrientationPortrait UIInterfaceOrientationPortraitUpsideDown UIInterfaceOrientationLandscapeLeft UIInterfaceOrientationLandscapeRight";
				INFOPLIST_KEY_UISupportedInterfaceOrientations_iPhone = "UIInterfaceOrientationPortrait UIInterfaceOrientationLandscapeLeft UIInterfaceOrientationLandscapeRight";
				LD_RUNPATH_SEARCH_PATHS = (
					"$(inherited)",
					"@executable_path/Frameworks",
				);
				MARKETING_VERSION = 1.0;
				PRODUCT_BUNDLE_IDENTIFIER = com.JulioRobles.AsyncAwaitNews;
				PRODUCT_NAME = "$(TARGET_NAME)";
				SWIFT_EMIT_LOC_STRINGS = YES;
				SWIFT_VERSION = 5.0;
				TARGETED_DEVICE_FAMILY = "1,2";
			};
			name = Release;
		};
/* End XCBuildConfiguration section */

/* Begin XCConfigurationList section */
		30D65F2F2798836900DF68FE /* Build configuration list for PBXProject "AsyncAwaitNews" */ = {
			isa = XCConfigurationList;
			buildConfigurations = (
				30D65F402798836C00DF68FE /* Debug */,
				30D65F412798836C00DF68FE /* Release */,
			);
			defaultConfigurationIsVisible = 0;
			defaultConfigurationName = Release;
		};
		30D65F422798836C00DF68FE /* Build configuration list for PBXNativeTarget "AsyncAwaitNews" */ = {
			isa = XCConfigurationList;
			buildConfigurations = (
				30D65F432798836C00DF68FE /* Debug */,
				30D65F442798836C00DF68FE /* Release */,
			);
			defaultConfigurationIsVisible = 0;
			defaultConfigurationName = Release;
		};
/* End XCConfigurationList section */
	};
	rootObject = 30D65F2C2798836900DF68FE /* Project object */;
}
